{
  "object": {
    "pins": [
      {
        "package": "BitByteData",
        "repositoryURL": "https://github.com/tsolomko/BitByteData",
        "state": {
          "branch": null,
          "revision": "b4b41619522aacd7aae7b02fa8360833e796a03d",
          "version": "2.0.2"
        }
      },
      {
        "package": "SWCompression",
        "repositoryURL": "https://github.com/tsolomko/SWCompression.git",
        "state": {
          "branch": "develop",
          "revision": "c7f4665394dd668c1953817c4567c314eb97fda9",
          "version": null
        }
      },
      {
        "package": "swift-argument-parser",
        "repositoryURL": "https://github.com/apple/swift-argument-parser.git",
        "state": {
          "branch": null,
          "revision": "9f39744e025c7d377987f30b03770805dcb0bcd1",
          "version": "1.1.4"
        }
      }
    ]
  },
  "version": 1
}
